Microsoft Visual Studio Solution File, Format Version 12.00
# Visual Studio 2012
Project("{FAE04EC0-301F-11D3-BF4B-00C04F79EFBC}") = "Dodge the Creeps 2D", "Dodge the Creeps 2D.csproj", "{F2A8353D-1B26-4051-BA18-0A9388FACC2A}"
EndProject
Global
	GlobalSection(SolutionConfigurationPlatforms) = preSolution
	Debug|Any CPU = Debug|Any CPU
	ExportDebug|Any CPU = ExportDebug|Any CPU
	ExportRelease|Any CPU = ExportRelease|Any CPU
	EndGlobalSection
	GlobalSection(ProjectConfigurationPlatforms) = postSolution
		{F2A8353D-1B26-4051-BA18-0A9388FACC2A}.Debug|Any CPU.ActiveCfg = Debug|Any CPU
		{F2A8353D-1B26-4051-BA18-0A9388FACC2A}.Debug|Any CPU.Build.0 = Debug|Any CPU
		{F2A8353D-1B26-4051-BA18-0A9388FACC2A}.ExportDebug|Any CPU.ActiveCfg = ExportDebug|Any CPU
		{F2A8353D-1B26-4051-BA18-0A9388FACC2A}.ExportDebug|Any CPU.Build.0 = ExportDebug|Any CPU
		{F2A8353D-1B26-4051-BA18-0A9388FACC2A}.ExportRelease|Any CPU.ActiveCfg = ExportRelease|Any CPU
		{F2A8353D-1B26-4051-BA18-0A9388FACC2A}.ExportRelease|Any CPU.Build.0 = ExportRelease|Any CPU
	EndGlobalSection
EndGlobal
